
Microsoft Visual Studio Solution File, Format Version 12.00
# Visual Studio Version 17
VisualStudioVersion = 17.7.34221.43
MinimumVisualStudioVersion = 10.0.40219.1
Project("{FAE04EC0-301F-11D3-BF4B-00C04F79EFBC}") = "CourseApp", "CourseApp\CourseApp.csproj", "{128D8E3A-EFF0-42CD-8BAE-314870838CB6}"
EndProject
Project("{FAE04EC0-301F-11D3-BF4B-00C04F79EFBC}") = "Domain", "Domain\Domain.csproj", "{46C4E0D6-1DFA-41AD-A8CA-93DD0988C373}"
EndProject
Project("{FAE04EC0-301F-11D3-BF4B-00C04F79EFBC}") = "Repository", "Repository\Repository.csproj", "{63DB4BF9-EC5C-4E69-B83E-E6611943CD81}"
EndProject
Project("{FAE04EC0-301F-11D3-BF4B-00C04F79EFBC}") = "Service", "Service\Service.csproj", "{7EABED41-1D9A-4D10-8261-B1F2DFEC5A2D}"
EndProject
Global
	GlobalSection(SolutionConfigurationPlatforms) = preSolution
		Debug|Any CPU = Debug|Any CPU
		Release|Any CPU = Release|Any CPU
	EndGlobalSection
	GlobalSection(ProjectConfigurationPlatforms) = postSolution
		{128D8E3A-EFF0-42CD-8BAE-314870838CB6}.Debug|Any CPU.ActiveCfg = Debug|Any CPU
		{128D8E3A-EFF0-42CD-8BAE-314870838CB6}.Debug|Any CPU.Build.0 = Debug|Any CPU
		{128D8E3A-EFF0-42CD-8BAE-314870838CB6}.Release|Any CPU.ActiveCfg = Release|Any CPU
		{128D8E3A-EFF0-42CD-8BAE-314870838CB6}.Release|Any CPU.Build.0 = Release|Any CPU
		{46C4E0D6-1DFA-41AD-A8CA-93DD0988C373}.Debug|Any CPU.ActiveCfg = Debug|Any CPU
		{46C4E0D6-1DFA-41AD-A8CA-93DD0988C373}.Debug|Any CPU.Build.0 = Debug|Any CPU
		{46C4E0D6-1DFA-41AD-A8CA-93DD0988C373}.Release|Any CPU.ActiveCfg = Release|Any CPU
		{46C4E0D6-1DFA-41AD-A8CA-93DD0988C373}.Release|Any CPU.Build.0 = Release|Any CPU
		{63DB4BF9-EC5C-4E69-B83E-E6611943CD81}.Debug|Any CPU.ActiveCfg = Debug|Any CPU
		{63DB4BF9-EC5C-4E69-B83E-E6611943CD81}.Debug|Any CPU.Build.0 = Debug|Any CPU
		{63DB4BF9-EC5C-4E69-B83E-E6611943CD81}.Release|Any CPU.ActiveCfg = Release|Any CPU
		{63DB4BF9-EC5C-4E69-B83E-E6611943CD81}.Release|Any CPU.Build.0 = Release|Any CPU
		{7EABED41-1D9A-4D10-8261-B1F2DFEC5A2D}.Debug|Any CPU.ActiveCfg = Debug|Any CPU
		{7EABED41-1D9A-4D10-8261-B1F2DFEC5A2D}.Debug|Any CPU.Build.0 = Debug|Any CPU
		{7EABED41-1D9A-4D10-8261-B1F2DFEC5A2D}.Release|Any CPU.ActiveCfg = Release|Any CPU
		{7EABED41-1D9A-4D10-8261-B1F2DFEC5A2D}.Release|Any CPU.Build.0 = Release|Any CPU
	EndGlobalSection
	GlobalSection(SolutionProperties) = preSolution
		HideSolutionNode = FALSE
	EndGlobalSection
	GlobalSection(ExtensibilityGlobals) = postSolution
		SolutionGuid = {BF84C111-94CF-4E69-A3B1-2D8992F63491}
	EndGlobalSection
EndGlobal
